
Microsoft Visual Studio Solution File, Format Version 12.00
# Visual Studio Version 16
VisualStudioVersion = 16.0.28917.181
MinimumVisualStudioVersion = 10.0.40219.1
Project("{FAE04EC0-301F-11D3-BF4B-00C04F79EFBC}") = "NalogRobot", "NalogRobot\NalogRobot.csproj", "{4FC3D7B1-CD23-4585-872D-70ECF37EDAA4}"
EndProject
Global
	GlobalSection(SolutionConfigurationPlatforms) = preSolution
		Debug|Any CPU = Debug|Any CPU
		Release|Any CPU = Release|Any CPU
	EndGlobalSection
	GlobalSection(ProjectConfigurationPlatforms) = postSolution
		{4FC3D7B1-CD23-4585-872D-70ECF37EDAA4}.Debug|Any CPU.ActiveCfg = Debug|Any CPU
		{4FC3D7B1-CD23-4585-872D-70ECF37EDAA4}.Debug|Any CPU.Build.0 = Debug|Any CPU
		{4FC3D7B1-CD23-4585-872D-70ECF37EDAA4}.Release|Any CPU.ActiveCfg = Release|Any CPU
		{4FC3D7B1-CD23-4585-872D-70ECF37EDAA4}.Release|Any CPU.Build.0 = Release|Any CPU
	EndGlobalSection
	GlobalSection(SolutionProperties) = preSolution
		HideSolutionNode = FALSE
	EndGlobalSection
	GlobalSection(ExtensibilityGlobals) = postSolution
		SolutionGuid = {2DF99166-9A07-4066-8C7F-1E0C9F262B97}
	EndGlobalSection
EndGlobal
